
Microsoft Visual Studio Solution File, Format Version 12.00
# Visual Studio Version 17
VisualStudioVersion = 17.2.32519.379
MinimumVisualStudioVersion = 10.0.40219.1
Project("{9A19103F-16F7-4668-BE54-9A1E7A4F7556}") = "ConsoleApplication", "ConsoleApplication.csproj", "{936581BF-AE20-48F7-BA9C-34C91BD4FA67}"
EndProject
Global
	GlobalSection(SolutionConfigurationPlatforms) = preSolution
		Debug|Any CPU = Debug|Any CPU
		Release|Any CPU = Release|Any CPU
	EndGlobalSection
	GlobalSection(ProjectConfigurationPlatforms) = postSolution
		{936581BF-AE20-48F7-BA9C-34C91BD4FA67}.Debug|Any CPU.ActiveCfg = Debug|Any CPU
		{936581BF-AE20-48F7-BA9C-34C91BD4FA67}.Debug|Any CPU.Build.0 = Debug|Any CPU
		{936581BF-AE20-48F7-BA9C-34C91BD4FA67}.Release|Any CPU.ActiveCfg = Release|Any CPU
		{936581BF-AE20-48F7-BA9C-34C91BD4FA67}.Release|Any CPU.Build.0 = Release|Any CPU
	EndGlobalSection
	GlobalSection(SolutionProperties) = preSolution
		HideSolutionNode = FALSE
	EndGlobalSection
	GlobalSection(ExtensibilityGlobals) = postSolution
		SolutionGuid = {0EE7A6D5-B311-42F0-923F-9608EC1BA721}
	EndGlobalSection
EndGlobal
